// !$*UTF8*$!
{
	archiveVersion = 1;
	classes = {
	};
	objectVersion = 46;
	objects = {

/* Begin PBXBuildFile section */
		0E079D511EFCCC8700EC28D2 /* Lottie.framework in Frameworks */ = {isa = PBXBuildFile; fileRef = 0E079D501EFCCC8700EC28D2 /* Lottie.framework */; };
		0E079D551EFCCD8500EC28D2 /* PinJump.json in Resources */ = {isa = PBXBuildFile; fileRef = 0E079D521EFCCD8500EC28D2 /* PinJump.json */; };
		0E079D561EFCCD8500EC28D2 /* buttonOff.json in Resources */ = {isa = PBXBuildFile; fileRef = 0E079D531EFCCD8500EC28D2 /* buttonOff.json */; };
		0E079D571EFCCD8500EC28D2 /* buttonOn.json in Resources */ = {isa = PBXBuildFile; fileRef = 0E079D541EFCCD8500EC28D2 /* buttonOn.json */; };
		0E079D881EFCD30100EC28D2 /* 9squares-AlBoardman.json in Resources */ = {isa = PBXBuildFile; fileRef = 0E079D5D1EFCD30100EC28D2 /* 9squares-AlBoardman.json */; };
		0E079D891EFCD30100EC28D2 /* HamburgerArrow.json in Resources */ = {isa = PBXBuildFile; fileRef = 0E079D5E1EFCD30100EC28D2 /* HamburgerArrow.json */; };
		0E079D8A1EFCD30100EC28D2 /* IconTransitions.json in Resources */ = {isa = PBXBuildFile; fileRef = 0E079D5F1EFCD30100EC28D2 /* IconTransitions.json */; };
		0E079D8B1EFCD30100EC28D2 /* LottieLogo1.json in Resources */ = {isa = PBXBuildFile; fileRef = 0E079D601EFCD30100EC28D2 /* LottieLogo1.json */; };
		0E079D8C1EFCD30100EC28D2 /* LottieLogo1_masked.json in Resources */ = {isa = PBXBuildFile; fileRef = 0E079D611EFCD30100EC28D2 /* LottieLogo1_masked.json */; };
		0E079D8D1EFCD30100EC28D2 /* LottieLogo2.json in Resources */ = {isa = PBXBuildFile; fileRef = 0E079D621EFCD30100EC28D2 /* LottieLogo2.json */; };
		0E079D8E1EFCD30100EC28D2 /* MotionCorpse-Jrcanest.json in Resources */ = {isa = PBXBuildFile; fileRef = 0E079D631EFCD30100EC28D2 /* MotionCorpse-Jrcanest.json */; };
		0E079D8F1EFCD30100EC28D2 /* PinJump.json in Resources */ = {isa = PBXBuildFile; fileRef = 0E079D641EFCD30100EC28D2 /* PinJump.json */; };
		0E079D901EFCD30100EC28D2 /* TwitterHeart.json in Resources */ = {isa = PBXBuildFile; fileRef = 0E079D651EFCD30100EC28D2 /* TwitterHeart.json */; };
		0E079D911EFCD30100EC28D2 /* A.json in Resources */ = {isa = PBXBuildFile; fileRef = 0E079D671EFCD30100EC28D2 /* A.json */; };
		0E079D921EFCD30100EC28D2 /* Apostrophe.json in Resources */ = {isa = PBXBuildFile; fileRef = 0E079D681EFCD30100EC28D2 /* Apostrophe.json */; };
		0E079D931EFCD30100EC28D2 /* B.json in Resources */ = {isa = PBXBuildFile; fileRef = 0E079D691EFCD30100EC28D2 /* B.json */; };
		0E079D941EFCD30100EC28D2 /* BlinkingCursor.json in Resources */ = {isa = PBXBuildFile; fileRef = 0E079D6A1EFCD30100EC28D2 /* BlinkingCursor.json */; };
		0E079D951EFCD30100EC28D2 /* C.json in Resources */ = {isa = PBXBuildFile; fileRef = 0E079D6B1EFCD30100EC28D2 /* C.json */; };
		0E079D961EFCD30100EC28D2 /* Colon.json in Resources */ = {isa = PBXBuildFile; fileRef = 0E079D6C1EFCD30100EC28D2 /* Colon.json */; };
		0E079D971EFCD30100EC28D2 /* Comma.json in Resources */ = {isa = PBXBuildFile; fileRef = 0E079D6D1EFCD30100EC28D2 /* Comma.json */; };
		0E079D981EFCD30100EC28D2 /* D.json in Resources */ = {isa = PBXBuildFile; fileRef = 0E079D6E1EFCD30100EC28D2 /* D.json */; };
		0E079D991EFCD30100EC28D2 /* E.json in Resources */ = {isa = PBXBuildFile; fileRef = 0E079D6F1EFCD30100EC28D2 /* E.json */; };
		0E079D9A1EFCD30100EC28D2 /* F.json in Resources */ = {isa = PBXBuildFile; fileRef = 0E079D701EFCD30100EC28D2 /* F.json */; };
		0E079D9B1EFCD30100EC28D2 /* G.json in Resources */ = {isa = PBXBuildFile; fileRef = 0E079D711EFCD30100EC28D2 /* G.json */; };
		0E079D9C1EFCD30100EC28D2 /* H.json in Resources */ = {isa = PBXBuildFile; fileRef = 0E079D721EFCD30100EC28D2 /* H.json */; };
		0E079D9D1EFCD30100EC28D2 /* I.json in Resources */ = {isa = PBXBuildFile; fileRef = 0E079D731EFCD30100EC28D2 /* I.json */; };
		0E079D9E1EFCD30100EC28D2 /* J.json in Resources */ = {isa = PBXBuildFile; fileRef = 0E079D741EFCD30100EC28D2 /* J.json */; };
		0E079D9F1EFCD30100EC28D2 /* K.json in Resources */ = {isa = PBXBuildFile; fileRef = 0E079D751EFCD30100EC28D2 /* K.json */; };
		0E079DA01EFCD30100EC28D2 /* L.json in Resources */ = {isa = PBXBuildFile; fileRef = 0E079D761EFCD30100EC28D2 /* L.json */; };
		0E079DA11EFCD30100EC28D2 /* M.json in Resources */ = {isa = PBXBuildFile; fileRef = 0E079D771EFCD30100EC28D2 /* M.json */; };
		0E079DA21EFCD30100EC28D2 /* N.json in Resources */ = {isa = PBXBuildFile; fileRef = 0E079D781EFCD30100EC28D2 /* N.json */; };
		0E079DA31EFCD30100EC28D2 /* O.json in Resources */ = {isa = PBXBuildFile; fileRef = 0E079D791EFCD30100EC28D2 /* O.json */; };
		0E079DA41EFCD30100EC28D2 /* P.json in Resources */ = {isa = PBXBuildFile; fileRef = 0E079D7A1EFCD30100EC28D2 /* P.json */; };
		0E079DA51EFCD30100EC28D2 /* Q.json in Resources */ = {isa = PBXBuildFile; fileRef = 0E079D7B1EFCD30100EC28D2 /* Q.json */; };
		0E079DA61EFCD30100EC28D2 /* R.json in Resources */ = {isa = PBXBuildFile; fileRef = 0E079D7C1EFCD30100EC28D2 /* R.json */; };
		0E079DA71EFCD30100EC28D2 /* S.json in Resources */ = {isa = PBXBuildFile; fileRef = 0E079D7D1EFCD30100EC28D2 /* S.json */; };
		0E079DA81EFCD30100EC28D2 /* T.json in Resources */ = {isa = PBXBuildFile; fileRef = 0E079D7E1EFCD30100EC28D2 /* T.json */; };
		0E079DA91EFCD30100EC28D2 /* U.json in Resources */ = {isa = PBXBuildFile; fileRef = 0E079D7F1EFCD30100EC28D2 /* U.json */; };
		0E079DAA1EFCD30100EC28D2 /* V.json in Resources */ = {isa = PBXBuildFile; fileRef = 0E079D801EFCD30100EC28D2 /* V.json */; };
		0E079DAB1EFCD30100EC28D2 /* W.json in Resources */ = {isa = PBXBuildFile; fileRef = 0E079D811EFCD30100EC28D2 /* W.json */; };
		0E079DAC1EFCD30100EC28D2 /* X.json in Resources */ = {isa = PBXBuildFile; fileRef = 0E079D821EFCD30100EC28D2 /* X.json */; };
		0E079DAD1EFCD30100EC28D2 /* Y.json in Resources */ = {isa = PBXBuildFile; fileRef = 0E079D831EFCD30100EC28D2 /* Y.json */; };
		0E079DAE1EFCD30100EC28D2 /* Z.json in Resources */ = {isa = PBXBuildFile; fileRef = 0E079D841EFCD30100EC28D2 /* Z.json */; };
		0E079DAF1EFCD30100EC28D2 /* vcTransition1.json in Resources */ = {isa = PBXBuildFile; fileRef = 0E079D851EFCD30100EC28D2 /* vcTransition1.json */; };
		0E079DB01EFCD30100EC28D2 /* vcTransition2.json in Resources */ = {isa = PBXBuildFile; fileRef = 0E079D861EFCD30100EC28D2 /* vcTransition2.json */; };
		0E079DB11EFCD30100EC28D2 /* Watermelon.json in Resources */ = {isa = PBXBuildFile; fileRef = 0E079D871EFCD30100EC28D2 /* Watermelon.json */; };
		0E0D420B1EFF6C30003A43E7 /* DrawLabel.swift in Sources */ = {isa = PBXBuildFile; fileRef = 0E0D420A1EFF6C30003A43E7 /* DrawLabel.swift */; };
		0E1C13A61EE7E38C000633DF /* DrawRout.swift in Sources */ = {isa = PBXBuildFile; fileRef = 0E1C13A51EE7E38C000633DF /* DrawRout.swift */; };
		0E1C13A81EE7E62E000633DF /* Polyline.swift in Sources */ = {isa = PBXBuildFile; fileRef = 0E1C13A71EE7E62E000633DF /* Polyline.swift */; };
		0E1EC9DA1EE83A2500BF23D6 /* LoaderView.xib in Resources */ = {isa = PBXBuildFile; fileRef = 0E1EC9D91EE83A2500BF23D6 /* LoaderView.xib */; };
		0E210BC31EDBF60500D705BD /* AppDelegate.swift in Sources */ = {isa = PBXBuildFile; fileRef = 0E210BC21EDBF60500D705BD /* AppDelegate.swift */; };
		0E210BC51EDBF60500D705BD /* ViewController.swift in Sources */ = {isa = PBXBuildFile; fileRef = 0E210BC41EDBF60500D705BD /* ViewController.swift */; };
		0E210BC81EDBF60500D705BD /* Main.storyboard in Resources */ = {isa = PBXBuildFile; fileRef = 0E210BC61EDBF60500D705BD /* Main.storyboard */; };
		0E210BCA1EDBF60500D705BD /* Assets.xcassets in Resources */ = {isa = PBXBuildFile; fileRef = 0E210BC91EDBF60500D705BD /* Assets.xcassets */; };
		0E210BCD1EDBF60500D705BD /* LaunchScreen.storyboard in Resources */ = {isa = PBXBuildFile; fileRef = 0E210BCB1EDBF60500D705BD /* LaunchScreen.storyboard */; };
		0E32F6441EEAEA5C00177063 /* AreasExample.swift in Sources */ = {isa = PBXBuildFile; fileRef = 0E32F6201EEAEA5B00177063 /* AreasExample.swift */; };
		0E32F6451EEAEA5C00177063 /* BarsExample.swift in Sources */ = {isa = PBXBuildFile; fileRef = 0E32F6211EEAEA5B00177063 /* BarsExample.swift */; };
		0E32F6461EEAEA5C00177063 /* BarsPlusMinusAndLinesExample.swift in Sources */ = {isa = PBXBuildFile; fileRef = 0E32F6221EEAEA5B00177063 /* BarsPlusMinusAndLinesExample.swift */; };
		0E32F6471EEAEA5C00177063 /* BarsPlusMinusWithGradientExample.swift in Sources */ = {isa = PBXBuildFile; fileRef = 0E32F6231EEAEA5B00177063 /* BarsPlusMinusWithGradientExample.swift */; };
		0E32F6481EEAEA5C00177063 /* BubbleExample.swift in Sources */ = {isa = PBXBuildFile; fileRef = 0E32F6241EEAEA5B00177063 /* BubbleExample.swift */; };
		0E32F6491EEAEA5C00177063 /* CandleStickExample.swift in Sources */ = {isa = PBXBuildFile; fileRef = 0E32F6251EEAEA5B00177063 /* CandleStickExample.swift */; };
		0E32F64A1EEAEA5C00177063 /* CandleStickInteractiveExample.swift in Sources */ = {isa = PBXBuildFile; fileRef = 0E32F6261EEAEA5B00177063 /* CandleStickInteractiveExample.swift */; };
		0E32F64B1EEAEA5C00177063 /* ConvenienceBarsExample.swift in Sources */ = {isa = PBXBuildFile; fileRef = 0E32F6281EEAEA5B00177063 /* ConvenienceBarsExample.swift */; };
		0E32F64C1EEAEA5C00177063 /* ConvenienceLinesExample.swift in Sources */ = {isa = PBXBuildFile; fileRef = 0E32F6291EEAEA5B00177063 /* ConvenienceLinesExample.swift */; };
		0E32F64D1EEAEA5C00177063 /* CoordsExample.swift in Sources */ = {isa = PBXBuildFile; fileRef = 0E32F62A1EEAEA5B00177063 /* CoordsExample.swift */; };
		0E32F64E1EEAEA5C00177063 /* CubicLinesExample.swift in Sources */ = {isa = PBXBuildFile; fileRef = 0E32F62B1EEAEA5B00177063 /* CubicLinesExample.swift */; };
		0E32F64F1EEAEA5C00177063 /* CustomUnitsExample.swift in Sources */ = {isa = PBXBuildFile; fileRef = 0E32F62C1EEAEA5B00177063 /* CustomUnitsExample.swift */; };
		0E32F6501EEAEA5C00177063 /* Env.swift in Sources */ = {isa = PBXBuildFile; fileRef = 0E32F62D1EEAEA5B00177063 /* Env.swift */; };
		0E32F6511EEAEA5C00177063 /* EqualSpacingExample.swift in Sources */ = {isa = PBXBuildFile; fileRef = 0E32F62E1EEAEA5B00177063 /* EqualSpacingExample.swift */; };
		0E32F6521EEAEA5C00177063 /* ExamplesDefaults.swift in Sources */ = {isa = PBXBuildFile; fileRef = 0E32F62F1EEAEA5B00177063 /* ExamplesDefaults.swift */; };
		0E32F6531EEAEA5C00177063 /* GroupedAndStackedBarsExample.swift in Sources */ = {isa = PBXBuildFile; fileRef = 0E32F6301EEAEA5C00177063 /* GroupedAndStackedBarsExample.swift */; };
		0E32F6541EEAEA5C00177063 /* GroupedBarsExample.swift in Sources */ = {isa = PBXBuildFile; fileRef = 0E32F6311EEAEA5C00177063 /* GroupedBarsExample.swift */; };
		0E32F6551EEAEA5C00177063 /* HelloWorld.swift in Sources */ = {isa = PBXBuildFile; fileRef = 0E32F6321EEAEA5C00177063 /* HelloWorld.swift */; };
		0E32F6561EEAEA5C00177063 /* MultipleAxesExample.swift in Sources */ = {isa = PBXBuildFile; fileRef = 0E32F6331EEAEA5C00177063 /* MultipleAxesExample.swift */; };
		0E32F6571EEAEA5C00177063 /* MultipleAxesInteractiveExample.swift in Sources */ = {isa = PBXBuildFile; fileRef = 0E32F6341EEAEA5C00177063 /* MultipleAxesInteractiveExample.swift */; };
		0E32F6581EEAEA5C00177063 /* MultipleLabelsExample.swift in Sources */ = {isa = PBXBuildFile; fileRef = 0E32F6351EEAEA5C00177063 /* MultipleLabelsExample.swift */; };
		0E32F6591EEAEA5C00177063 /* MultiTrackerExample.swift in Sources */ = {isa = PBXBuildFile; fileRef = 0E32F6361EEAEA5C00177063 /* MultiTrackerExample.swift */; };
		0E32F65A1EEAEA5C00177063 /* NotificationsExample.swift in Sources */ = {isa = PBXBuildFile; fileRef = 0E32F6371EEAEA5C00177063 /* NotificationsExample.swift */; };
		0E32F65B1EEAEA5C00177063 /* NotNumericExample.swift in Sources */ = {isa = PBXBuildFile; fileRef = 0E32F6381EEAEA5C00177063 /* NotNumericExample.swift */; };
		0E32F65C1EEAEA5C00177063 /* RangedAxisExample.swift in Sources */ = {isa = PBXBuildFile; fileRef = 0E32F6391EEAEA5C00177063 /* RangedAxisExample.swift */; };
		0E32F65D1EEAEA5C00177063 /* ScatterExample.swift in Sources */ = {isa = PBXBuildFile; fileRef = 0E32F63A1EEAEA5C00177063 /* ScatterExample.swift */; };
		0E32F65E1EEAEA5C00177063 /* StackedBarsExample.swift in Sources */ = {isa = PBXBuildFile; fileRef = 0E32F63B1EEAEA5C00177063 /* StackedBarsExample.swift */; };
		0E32F65F1EEAEA5C00177063 /* TargetExample.swift in Sources */ = {isa = PBXBuildFile; fileRef = 0E32F63C1EEAEA5C00177063 /* TargetExample.swift */; };
		0E32F6601EEAEA5C00177063 /* TrackerExample.swift in Sources */ = {isa = PBXBuildFile; fileRef = 0E32F63D1EEAEA5C00177063 /* TrackerExample.swift */; };
		0E32F6611EEAEA5C00177063 /* TrendlineExample.swift in Sources */ = {isa = PBXBuildFile; fileRef = 0E32F63E1EEAEA5C00177063 /* TrendlineExample.swift */; };
		0E32F6621EEAEA5C00177063 /* HorizontalGuide.swift in Sources */ = {isa = PBXBuildFile; fileRef = 0E32F63F1EEAEA5C00177063 /* HorizontalGuide.swift */; };
		0E32F6631EEAEA5C00177063 /* PointGuide.swift in Sources */ = {isa = PBXBuildFile; fileRef = 0E32F6401EEAEA5C00177063 /* PointGuide.swift */; };
		0E32F6641EEAEA5C00177063 /* String.swift in Sources */ = {isa = PBXBuildFile; fileRef = 0E32F6411EEAEA5C00177063 /* String.swift */; };
		0E32F6651EEAEA5C00177063 /* UIColor.swift in Sources */ = {isa = PBXBuildFile; fileRef = 0E32F6421EEAEA5C00177063 /* UIColor.swift */; };
		0E32F6661EEAEA5C00177063 /* VerticalGuide.swift in Sources */ = {isa = PBXBuildFile; fileRef = 0E32F6431EEAEA5C00177063 /* VerticalGuide.swift */; };
		0E3644671EF62D6A006191E0 /* MapViewcluster.swift in Sources */ = {isa = PBXBuildFile; fileRef = 0E3644661EF62D6A006191E0 /* MapViewcluster.swift */; };
		0E46F7611EE6A8D300BEC579 /* Crashlytics.framework in Frameworks */ = {isa = PBXBuildFile; fileRef = 0E46F75F1EE6A8D300BEC579 /* Crashlytics.framework */; };
		0E46F7621EE6A8D300BEC579 /* Fabric.framework in Frameworks */ = {isa = PBXBuildFile; fileRef = 0E46F7601EE6A8D300BEC579 /* Fabric.framework */; };
		0E623E1A1F0A10D800233623 /* AESAlgo.swift in Sources */ = {isa = PBXBuildFile; fileRef = 0E623E191F0A10D800233623 /* AESAlgo.swift */; };
		0E623E251F0A1E6A00233623 /* AESCrypt.m in Sources */ = {isa = PBXBuildFile; fileRef = 0E623E1C1F0A1E6A00233623 /* AESCrypt.m */; };
		0E623E261F0A1E6A00233623 /* LICENSE in Resources */ = {isa = PBXBuildFile; fileRef = 0E623E1D1F0A1E6A00233623 /* LICENSE */; };
		0E623E271F0A1E6A00233623 /* NSData+Base64.m in Sources */ = {isa = PBXBuildFile; fileRef = 0E623E1F1F0A1E6A00233623 /* NSData+Base64.m */; };
		0E623E281F0A1E6A00233623 /* NSData+CommonCrypto.m in Sources */ = {isa = PBXBuildFile; fileRef = 0E623E211F0A1E6A00233623 /* NSData+CommonCrypto.m */; };
		0E623E291F0A1E6A00233623 /* NSString+Base64.m in Sources */ = {isa = PBXBuildFile; fileRef = 0E623E231F0A1E6A00233623 /* NSString+Base64.m */; };
		0E623E2A1F0A1E6A00233623 /* README.md in Sources */ = {isa = PBXBuildFile; fileRef = 0E623E241F0A1E6A00233623 /* README.md */; };
		0E7E671A1EE95A5D0049FB98 /* HACBarChart.m in Sources */ = {isa = PBXBuildFile; fileRef = 0E7E67171EE95A5D0049FB98 /* HACBarChart.m */; };
		0E7E671B1EE95A5D0049FB98 /* HACBarLayer.m in Sources */ = {isa = PBXBuildFile; fileRef = 0E7E67191EE95A5D0049FB98 /* HACBarLayer.m */; };
		0E7E671E1EE95BED0049FB98 /* Charts.swift in Sources */ = {isa = PBXBuildFile; fileRef = 0E7E671D1EE95BED0049FB98 /* Charts.swift */; };
		0E8AF3C31EF8CAAD003A3003 /* AnimationDemo.swift in Sources */ = {isa = PBXBuildFile; fileRef = 0E8AF3C21EF8CAAD003A3003 /* AnimationDemo.swift */; };
		0E8AF3C51EF8CBF4003A3003 /* LoaderView2.xib in Resources */ = {isa = PBXBuildFile; fileRef = 0E8AF3C41EF8CBF4003A3003 /* LoaderView2.xib */; };
		0EB058621EE57B940058A39D /* getAllcontacts.swift in Sources */ = {isa = PBXBuildFile; fileRef = 0EB058611EE57B940058A39D /* getAllcontacts.swift */; };
		0EB058641EE581680058A39D /* AddressBookUI.framework in Frameworks */ = {isa = PBXBuildFile; fileRef = 0EB058631EE581680058A39D /* AddressBookUI.framework */; };
		0EB058661EE584E80058A39D /* ContactEntry.swift in Sources */ = {isa = PBXBuildFile; fileRef = 0EB058651EE584E80058A39D /* ContactEntry.swift */; };
		0EB058681EE585300058A39D /* String+Email.swift in Sources */ = {isa = PBXBuildFile; fileRef = 0EB058671EE585300058A39D /* String+Email.swift */; };
		0EEC1E181EDEEC0E00FBC91E /* CustomCallOutMapview.swift in Sources */ = {isa = PBXBuildFile; fileRef = 0EEC1E171EDEEC0E00FBC91E /* CustomCallOutMapview.swift */; };
		0EEC1E1F1EDEF78600FBC91E /* AnnotationView.swift in Sources */ = {isa = PBXBuildFile; fileRef = 0EEC1E1D1EDEF78600FBC91E /* AnnotationView.swift */; };
		0EEC1E201EDEF78600FBC91E /* StarbucksAnnotation.swift in Sources */ = {isa = PBXBuildFile; fileRef = 0EEC1E1E1EDEF78600FBC91E /* StarbucksAnnotation.swift */; };
		0EEC1E231EDEF79700FBC91E /* CustomCalloutView.xib in Resources */ = {isa = PBXBuildFile; fileRef = 0EEC1E211EDEF79700FBC91E /* CustomCalloutView.xib */; };
		0EEC1E241EDEF79700FBC91E /* CustomCalloutView.swift in Sources */ = {isa = PBXBuildFile; fileRef = 0EEC1E221EDEF79700FBC91E /* CustomCalloutView.swift */; };
		0EEC1E2D1EDEFB6800FBC91E /* MapKit.framework in Frameworks */ = {isa = PBXBuildFile; fileRef = 0EEC1E2C1EDEFB6800FBC91E /* MapKit.framework */; };
		811BF94B6D8B329CC775BB15 /* Pods_PractisDemo.framework in Frameworks */ = {isa = PBXBuildFile; fileRef = C1D69D27C6F8667C444F73F4 /* Pods_PractisDemo.framework */; };
/* End PBXBuildFile section */

/* Begin PBXFileReference section */
		0E079D501EFCCC8700EC28D2 /* Lottie.framework */ = {isa = PBXFileReference; lastKnownFileType = wrapper.framework; name = Lottie.framework; path = "Pods/../build/Release-iphoneos/lottie-ios/Lottie.framework"; sourceTree = "<group>"; };
		0E079D521EFCCD8500EC28D2 /* PinJump.json */ = {isa = PBXFileReference; fileEncoding = 4; lastKnownFileType = text.json; name = PinJump.json; path = ../PinJump.json; sourceTree = "<group>"; };
		0E079D531EFCCD8500EC28D2 /* buttonOff.json */ = {isa = PBXFileReference; fileEncoding = 4; lastKnownFileType = text.json; name = buttonOff.json; path = ../buttonOff.json; sourceTree = "<group>"; };
		0E079D541EFCCD8500EC28D2 /* buttonOn.json */ = {isa = PBXFileReference; fileEncoding = 4; lastKnownFileType = text.json; name = buttonOn.json; path = ../buttonOn.json; sourceTree = "<group>"; };
		0E079D5D1EFCD30100EC28D2 /* 9squares-AlBoardman.json */ = {isa = PBXFileReference; fileEncoding = 4; lastKnownFileType = text.json; path = "9squares-AlBoardman.json"; sourceTree = "<group>"; };
		0E079D5E1EFCD30100EC28D2 /* HamburgerArrow.json */ = {isa = PBXFileReference; fileEncoding = 4; lastKnownFileType = text.json; path = HamburgerArrow.json; sourceTree = "<group>"; };
		0E079D5F1EFCD30100EC28D2 /* IconTransitions.json */ = {isa = PBXFileReference; fileEncoding = 4; lastKnownFileType = text.json; path = IconTransitions.json; sourceTree = "<group>"; };
		0E079D601EFCD30100EC28D2 /* LottieLogo1.json */ = {isa = PBXFileReference; fileEncoding = 4; lastKnownFileType = text.json; path = LottieLogo1.json; sourceTree = "<group>"; };
		0E079D611EFCD30100EC28D2 /* LottieLogo1_masked.json */ = {isa = PBXFileReference; fileEncoding = 4; lastKnownFileType = text.json; path = LottieLogo1_masked.json; sourceTree = "<group>"; };
		0E079D621EFCD30100EC28D2 /* LottieLogo2.json */ = {isa = PBXFileReference; fileEncoding = 4; lastKnownFileType = text.json; path = LottieLogo2.json; sourceTree = "<group>"; };
		0E079D631EFCD30100EC28D2 /* MotionCorpse-Jrcanest.json */ = {isa = PBXFileReference; fileEncoding = 4; lastKnownFileType = text.json; path = "MotionCorpse-Jrcanest.json"; sourceTree = "<group>"; };
		0E079D641EFCD30100EC28D2 /* PinJump.json */ = {isa = PBXFileReference; fileEncoding = 4; lastKnownFileType = text.json; path = PinJump.json; sourceTree = "<group>"; };
		0E079D651EFCD30100EC28D2 /* TwitterHeart.json */ = {isa = PBXFileReference; fileEncoding = 4; lastKnownFileType = text.json; path = TwitterHeart.json; sourceTree = "<group>"; };
		0E079D671EFCD30100EC28D2 /* A.json */ = {isa = PBXFileReference; fileEncoding = 4; lastKnownFileType = text.json; path = A.json; sourceTree = "<group>"; };
		0E079D681EFCD30100EC28D2 /* Apostrophe.json */ = {isa = PBXFileReference; fileEncoding = 4; lastKnownFileType = text.json; path = Apostrophe.json; sourceTree = "<group>"; };
		0E079D691EFCD30100EC28D2 /* B.json */ = {isa = PBXFileReference; fileEncoding = 4; lastKnownFileType = text.json; path = B.json; sourceTree = "<group>"; };
		0E079D6A1EFCD30100EC28D2 /* BlinkingCursor.json */ = {isa = PBXFileReference; fileEncoding = 4; lastKnownFileType = text.json; path = BlinkingCursor.json; sourceTree = "<group>"; };
		0E079D6B1EFCD30100EC28D2 /* C.json */ = {isa = PBXFileReference; fileEncoding = 4; lastKnownFileType = text.json; path = C.json; sourceTree = "<group>"; };
		0E079D6C1EFCD30100EC28D2 /* Colon.json */ = {isa = PBXFileReference; fileEncoding = 4; lastKnownFileType = text.json; path = Colon.json; sourceTree = "<group>"; };
		0E079D6D1EFCD30100EC28D2 /* Comma.json */ = {isa = PBXFileReference; fileEncoding = 4; lastKnownFileType = text.json; path = Comma.json; sourceTree = "<group>"; };
		0E079D6E1EFCD30100EC28D2 /* D.json */ = {isa = PBXFileReference; fileEncoding = 4; lastKnownFileType = text.json; path = D.json; sourceTree = "<group>"; };
		0E079D6F1EFCD30100EC28D2 /* E.json */ = {isa = PBXFileReference; fileEncoding = 4; lastKnownFileType = text.json; path = E.json; sourceTree = "<group>"; };
		0E079D701EFCD30100EC28D2 /* F.json */ = {isa = PBXFileReference; fileEncoding = 4; lastKnownFileType = text.json; path = F.json; sourceTree = "<group>"; };
		0E079D711EFCD30100EC28D2 /* G.json */ = {isa = PBXFileReference; fileEncoding = 4; lastKnownFileType = text.json; path = G.json; sourceTree = "<group>"; };
		0E079D721EFCD30100EC28D2 /* H.json */ = {isa = PBXFileReference; fileEncoding = 4; lastKnownFileType = text.json; path = H.json; sourceTree = "<group>"; };
		0E079D731EFCD30100EC28D2 /* I.json */ = {isa = PBXFileReference; fileEncoding = 4; lastKnownFileType = text.json; path = I.json; sourceTree = "<group>"; };
		0E079D741EFCD30100EC28D2 /* J.json */ = {isa = PBXFileReference; fileEncoding = 4; lastKnownFileType = text.json; path = J.json; sourceTree = "<group>"; };
		0E079D751EFCD30100EC28D2 /* K.json */ = {isa = PBXFileReference; fileEncoding = 4; lastKnownFileType = text.json; path = K.json; sourceTree = "<group>"; };
		0E079D761EFCD30100EC28D2 /* L.json */ = {isa = PBXFileReference; fileEncoding = 4; lastKnownFileType = text.json; path = L.json; sourceTree = "<group>"; };
		0E079D771EFCD30100EC28D2 /* M.json */ = {isa = PBXFileReference; fileEncoding = 4; lastKnownFileType = text.json; path = M.json; sourceTree = "<group>"; };
		0E079D781EFCD30100EC28D2 /* N.json */ = {isa = PBXFileReference; fileEncoding = 4; lastKnownFileType = text.json; path = N.json; sourceTree = "<group>"; };
		0E079D791EFCD30100EC28D2 /* O.json */ = {isa = PBXFileReference; fileEncoding = 4; lastKnownFileType = text.json; path = O.json; sourceTree = "<group>"; };
		0E079D7A1EFCD30100EC28D2 /* P.json */ = {isa = PBXFileReference; fileEncoding = 4; lastKnownFileType = text.json; path = P.json; sourceTree = "<group>"; };
		0E079D7B1EFCD30100EC28D2 /* Q.json */ = {isa = PBXFileReference; fileEncoding = 4; lastKnownFileType = text.json; path = Q.json; sourceTree = "<group>"; };
		0E079D7C1EFCD30100EC28D2 /* R.json */ = {isa = PBXFileReference; fileEncoding = 4; lastKnownFileType = text.json; path = R.json; sourceTree = "<group>"; };
		0E079D7D1EFCD30100EC28D2 /* S.json */ = {isa = PBXFileReference; fileEncoding = 4; lastKnownFileType = text.json; path = S.json; sourceTree = "<group>"; };
		0E079D7E1EFCD30100EC28D2 /* T.json */ = {isa = PBXFileReference; fileEncoding = 4; lastKnownFileType = text.json; path = T.json; sourceTree = "<group>"; };
		0E079D7F1EFCD30100EC28D2 /* U.json */ = {isa = PBXFileReference; fileEncoding = 4; lastKnownFileType = text.json; path = U.json; sourceTree = "<group>"; };
		0E079D801EFCD30100EC28D2 /* V.json */ = {isa = PBXFileReference; fileEncoding = 4; lastKnownFileType = text.json; path = V.json; sourceTree = "<group>"; };
		0E079D811EFCD30100EC28D2 /* W.json */ = {isa = PBXFileReference; fileEncoding = 4; lastKnownFileType = text.json; path = W.json; sourceTree = "<group>"; };
		0E079D821EFCD30100EC28D2 /* X.json */ = {isa = PBXFileReference; fileEncoding = 4; lastKnownFileType = text.json; path = X.json; sourceTree = "<group>"; };
		0E079D831EFCD30100EC28D2 /* Y.json */ = {isa = PBXFileReference; fileEncoding = 4; lastKnownFileType = text.json; path = Y.json; sourceTree = "<group>"; };
		0E079D841EFCD30100EC28D2 /* Z.json */ = {isa = PBXFileReference; fileEncoding = 4; lastKnownFileType = text.json; path = Z.json; sourceTree = "<group>"; };
		0E079D851EFCD30100EC28D2 /* vcTransition1.json */ = {isa = PBXFileReference; fileEncoding = 4; lastKnownFileType = text.json; path = vcTransition1.json; sourceTree = "<group>"; };
		0E079D861EFCD30100EC28D2 /* vcTransition2.json */ = {isa = PBXFileReference; fileEncoding = 4; lastKnownFileType = text.json; path = vcTransition2.json; sourceTree = "<group>"; };
		0E079D871EFCD30100EC28D2 /* Watermelon.json */ = {isa = PBXFileReference; fileEncoding = 4; lastKnownFileType = text.json; path = Watermelon.json; sourceTree = "<group>"; };
		0E0D420A1EFF6C30003A43E7 /* DrawLabel.swift */ = {isa = PBXFileReference; fileEncoding = 4; lastKnownFileType = sourcecode.swift; path = DrawLabel.swift; sourceTree = "<group>"; };
		0E1C13A51EE7E38C000633DF /* DrawRout.swift */ = {isa = PBXFileReference; fileEncoding = 4; lastKnownFileType = sourcecode.swift; path = DrawRout.swift; sourceTree = "<group>"; };
		0E1C13A71EE7E62E000633DF /* Polyline.swift */ = {isa = PBXFileReference; fileEncoding = 4; lastKnownFileType = sourcecode.swift; path = Polyline.swift; sourceTree = "<group>"; };
		0E1EC9CD1EE808AF00BF23D6 /* PractisDemo-Bridging-Header.h */ = {isa = PBXFileReference; lastKnownFileType = sourcecode.c.h; path = "PractisDemo-Bridging-Header.h"; sourceTree = "<group>"; };
		0E1EC9D91EE83A2500BF23D6 /* LoaderView.xib */ = {isa = PBXFileReference; fileEncoding = 4; lastKnownFileType = file.xib; path = LoaderView.xib; sourceTree = "<group>"; };
		0E210BBF1EDBF60500D705BD /* PractisDemo.app */ = {isa = PBXFileReference; explicitFileType = wrapper.application; includeInIndex = 0; path = PractisDemo.app; sourceTree = BUILT_PRODUCTS_DIR; };
		0E210BC21EDBF60500D705BD /* AppDelegate.swift */ = {isa = PBXFileReference; lastKnownFileType = sourcecode.swift; path = AppDelegate.swift; sourceTree = "<group>"; };
		0E210BC41EDBF60500D705BD /* ViewController.swift */ = {isa = PBXFileReference; lastKnownFileType = sourcecode.swift; path = ViewController.swift; sourceTree = "<group>"; };
		0E210BC71EDBF60500D705BD /* Base */ = {isa = PBXFileReference; lastKnownFileType = file.storyboard; name = Base; path = Base.lproj/Main.storyboard; sourceTree = "<group>"; };
		0E210BC91EDBF60500D705BD /* Assets.xcassets */ = {isa = PBXFileReference; lastKnownFileType = folder.assetcatalog; path = Assets.xcassets; sourceTree = "<group>"; };
		0E210BCC1EDBF60500D705BD /* Base */ = {isa = PBXFileReference; lastKnownFileType = file.storyboard; name = Base; path = Base.lproj/LaunchScreen.storyboard; sourceTree = "<group>"; };
		0E210BCE1EDBF60500D705BD /* Info.plist */ = {isa = PBXFileReference; lastKnownFileType = text.plist.xml; path = Info.plist; sourceTree = "<group>"; };
		0E32F6201EEAEA5B00177063 /* AreasExample.swift */ = {isa = PBXFileReference; fileEncoding = 4; lastKnownFileType = sourcecode.swift; path = AreasExample.swift; sourceTree = "<group>"; };
		0E32F6211EEAEA5B00177063 /* BarsExample.swift */ = {isa = PBXFileReference; fileEncoding = 4; lastKnownFileType = sourcecode.swift; path = BarsExample.swift; sourceTree = "<group>"; };
		0E32F6221EEAEA5B00177063 /* BarsPlusMinusAndLinesExample.swift */ = {isa = PBXFileReference; fileEncoding = 4; lastKnownFileType = sourcecode.swift; path = BarsPlusMinusAndLinesExample.swift; sourceTree = "<group>"; };
		0E32F6231EEAEA5B00177063 /* BarsPlusMinusWithGradientExample.swift */ = {isa = PBXFileReference; fileEncoding = 4; lastKnownFileType = sourcecode.swift; path = BarsPlusMinusWithGradientExample.swift; sourceTree = "<group>"; };
		0E32F6241EEAEA5B00177063 /* BubbleExample.swift */ = {isa = PBXFileReference; fileEncoding = 4; lastKnownFileType = sourcecode.swift; path = BubbleExample.swift; sourceTree = "<group>"; };
		0E32F6251EEAEA5B00177063 /* CandleStickExample.swift */ = {isa = PBXFileReference; fileEncoding = 4; lastKnownFileType = sourcecode.swift; path = CandleStickExample.swift; sourceTree = "<group>"; };
		0E32F6261EEAEA5B00177063 /* CandleStickInteractiveExample.swift */ = {isa = PBXFileReference; fileEncoding = 4; lastKnownFileType = sourcecode.swift; path = CandleStickInteractiveExample.swift; sourceTree = "<group>"; };
		0E32F6281EEAEA5B00177063 /* ConvenienceBarsExample.swift */ = {isa = PBXFileReference; fileEncoding = 4; lastKnownFileType = sourcecode.swift; path = ConvenienceBarsExample.swift; sourceTree = "<group>"; };
		0E32F6291EEAEA5B00177063 /* ConvenienceLinesExample.swift */ = {isa = PBXFileReference; fileEncoding = 4; lastKnownFileType = sourcecode.swift; path = ConvenienceLinesExample.swift; sourceTree = "<group>"; };
		0E32F62A1EEAEA5B00177063 /* CoordsExample.swift */ = {isa = PBXFileReference; fileEncoding = 4; lastKnownFileType = sourcecode.swift; path = CoordsExample.swift; sourceTree = "<group>"; };
		0E32F62B1EEAEA5B00177063 /* CubicLinesExample.swift */ = {isa = PBXFileReference; fileEncoding = 4; lastKnownFileType = sourcecode.swift; path = CubicLinesExample.swift; sourceTree = "<group>"; };
		0E32F62C1EEAEA5B00177063 /* CustomUnitsExample.swift */ = {isa = PBXFileReference; fileEncoding = 4; lastKnownFileType = sourcecode.swift; path = CustomUnitsExample.swift; sourceTree = "<group>"; };
		0E32F62D1EEAEA5B00177063 /* Env.swift */ = {isa = PBXFileReference; fileEncoding = 4; lastKnownFileType = sourcecode.swift; path = Env.swift; sourceTree = "<group>"; };
		0E32F62E1EEAEA5B00177063 /* EqualSpacingExample.swift */ = {isa = PBXFileReference; fileEncoding = 4; lastKnownFileType = sourcecode.swift; path = EqualSpacingExample.swift; sourceTree = "<group>"; };
		0E32F62F1EEAEA5B00177063 /* ExamplesDefaults.swift */ = {isa = PBXFileReference; fileEncoding = 4; lastKnownFileType = sourcecode.swift; path = ExamplesDefaults.swift; sourceTree = "<group>"; };
		0E32F6301EEAEA5C00177063 /* GroupedAndStackedBarsExample.swift */ = {isa = PBXFileReference; fileEncoding = 4; lastKnownFileType = sourcecode.swift; path = GroupedAndStackedBarsExample.swift; sourceTree = "<group>"; };
		0E32F6311EEAEA5C00177063 /* GroupedBarsExample.swift */ = {isa = PBXFileReference; fileEncoding = 4; lastKnownFileType = sourcecode.swift; path = GroupedBarsExample.swift; sourceTree = "<group>"; };
		0E32F6321EEAEA5C00177063 /* HelloWorld.swift */ = {isa = PBXFileReference; fileEncoding = 4; lastKnownFileType = sourcecode.swift; path = HelloWorld.swift; sourceTree = "<group>"; };
		0E32F6331EEAEA5C00177063 /* MultipleAxesExample.swift */ = {isa = PBXFileReference; fileEncoding = 4; lastKnownFileType = sourcecode.swift; path = MultipleAxesExample.swift; sourceTree = "<group>"; };
		0E32F6341EEAEA5C00177063 /* MultipleAxesInteractiveExample.swift */ = {isa = PBXFileReference; fileEncoding = 4; lastKnownFileType = sourcecode.swift; path = MultipleAxesInteractiveExample.swift; sourceTree = "<group>"; };
		0E32F6351EEAEA5C00177063 /* MultipleLabelsExample.swift */ = {isa = PBXFileReference; fileEncoding = 4; lastKnownFileType = sourcecode.swift; path = MultipleLabelsExample.swift; sourceTree = "<group>"; };
		0E32F6361EEAEA5C00177063 /* MultiTrackerExample.swift */ = {isa = PBXFileReference; fileEncoding = 4; lastKnownFileType = sourcecode.swift; path = MultiTrackerExample.swift; sourceTree = "<group>"; };
		0E32F6371EEAEA5C00177063 /* NotificationsExample.swift */ = {isa = PBXFileReference; fileEncoding = 4; lastKnownFileType = sourcecode.swift; path = NotificationsExample.swift; sourceTree = "<group>"; };
		0E32F6381EEAEA5C00177063 /* NotNumericExample.swift */ = {isa = PBXFileReference; fileEncoding = 4; lastKnownFileType = sourcecode.swift; path = NotNumericExample.swift; sourceTree = "<group>"; };
		0E32F6391EEAEA5C00177063 /* RangedAxisExample.swift */ = {isa = PBXFileReference; fileEncoding = 4; lastKnownFileType = sourcecode.swift; path = RangedAxisExample.swift; sourceTree = "<group>"; };
		0E32F63A1EEAEA5C00177063 /* ScatterExample.swift */ = {isa = PBXFileReference; fileEncoding = 4; lastKnownFileType = sourcecode.swift; path = ScatterExample.swift; sourceTree = "<group>"; };
		0E32F63B1EEAEA5C00177063 /* StackedBarsExample.swift */ = {isa = PBXFileReference; fileEncoding = 4; lastKnownFileType = sourcecode.swift; path = StackedBarsExample.swift; sourceTree = "<group>"; };
		0E32F63C1EEAEA5C00177063 /* TargetExample.swift */ = {isa = PBXFileReference; fileEncoding = 4; lastKnownFileType = sourcecode.swift; path = TargetExample.swift; sourceTree = "<group>"; };
		0E32F63D1EEAEA5C00177063 /* TrackerExample.swift */ = {isa = PBXFileReference; fileEncoding = 4; lastKnownFileType = sourcecode.swift; path = TrackerExample.swift; sourceTree = "<group>"; };
		0E32F63E1EEAEA5C00177063 /* TrendlineExample.swift */ = {isa = PBXFileReference; fileEncoding = 4; lastKnownFileType = sourcecode.swift; path = TrendlineExample.swift; sourceTree = "<group>"; };
		0E32F63F1EEAEA5C00177063 /* HorizontalGuide.swift */ = {isa = PBXFileReference; fileEncoding = 4; lastKnownFileType = sourcecode.swift; path = HorizontalGuide.swift; sourceTree = "<group>"; };
		0E32F6401EEAEA5C00177063 /* PointGuide.swift */ = {isa = PBXFileReference; fileEncoding = 4; lastKnownFileType = sourcecode.swift; path = PointGuide.swift; sourceTree = "<group>"; };
		0E32F6411EEAEA5C00177063 /* String.swift */ = {isa = PBXFileReference; fileEncoding = 4; lastKnownFileType = sourcecode.swift; path = String.swift; sourceTree = "<group>"; };
		0E32F6421EEAEA5C00177063 /* UIColor.swift */ = {isa = PBXFileReference; fileEncoding = 4; lastKnownFileType = sourcecode.swift; path = UIColor.swift; sourceTree = "<group>"; };
		0E32F6431EEAEA5C00177063 /* VerticalGuide.swift */ = {isa = PBXFileReference; fileEncoding = 4; lastKnownFileType = sourcecode.swift; path = VerticalGuide.swift; sourceTree = "<group>"; };
		0E3644661EF62D6A006191E0 /* MapViewcluster.swift */ = {isa = PBXFileReference; fileEncoding = 4; lastKnownFileType = sourcecode.swift; path = MapViewcluster.swift; sourceTree = "<group>"; };
		0E46F75F1EE6A8D300BEC579 /* Crashlytics.framework */ = {isa = PBXFileReference; lastKnownFileType = wrapper.framework; path = Crashlytics.framework; sourceTree = SOURCE_ROOT; };
		0E46F7601EE6A8D300BEC579 /* Fabric.framework */ = {isa = PBXFileReference; lastKnownFileType = wrapper.framework; path = Fabric.framework; sourceTree = SOURCE_ROOT; };
		0E623E191F0A10D800233623 /* AESAlgo.swift */ = {isa = PBXFileReference; fileEncoding = 4; lastKnownFileType = sourcecode.swift; path = AESAlgo.swift; sourceTree = "<group>"; };
		0E623E1B1F0A1E6A00233623 /* AESCrypt.h */ = {isa = PBXFileReference; fileEncoding = 4; lastKnownFileType = sourcecode.c.h; path = AESCrypt.h; sourceTree = "<group>"; };
		0E623E1C1F0A1E6A00233623 /* AESCrypt.m */ = {isa = PBXFileReference; fileEncoding = 4; lastKnownFileType = sourcecode.c.objc; path = AESCrypt.m; sourceTree = "<group>"; };
		0E623E1D1F0A1E6A00233623 /* LICENSE */ = {isa = PBXFileReference; fileEncoding = 4; lastKnownFileType = text; path = LICENSE; sourceTree = "<group>"; };
		0E623E1E1F0A1E6A00233623 /* NSData+Base64.h */ = {isa = PBXFileReference; fileEncoding = 4; lastKnownFileType = sourcecode.c.h; path = "NSData+Base64.h"; sourceTree = "<group>"; };
		0E623E1F1F0A1E6A00233623 /* NSData+Base64.m */ = {isa = PBXFileReference; fileEncoding = 4; lastKnownFileType = sourcecode.c.objc; path = "NSData+Base64.m"; sourceTree = "<group>"; };
		0E623E201F0A1E6A00233623 /* NSData+CommonCrypto.h */ = {isa = PBXFileReference; fileEncoding = 4; lastKnownFileType = sourcecode.c.h; path = "NSData+CommonCrypto.h"; sourceTree = "<group>"; };
		0E623E211F0A1E6A00233623 /* NSData+CommonCrypto.m */ = {isa = PBXFileReference; fileEncoding = 4; lastKnownFileType = sourcecode.c.objc; path = "NSData+CommonCrypto.m"; sourceTree = "<group>"; };
		0E623E221F0A1E6A00233623 /* NSString+Base64.h */ = {isa = PBXFileReference; fileEncoding = 4; lastKnownFileType = sourcecode.c.h; path = "NSString+Base64.h"; sourceTree = "<group>"; };
		0E623E231F0A1E6A00233623 /* NSString+Base64.m */ = {isa = PBXFileReference; fileEncoding = 4; lastKnownFileType = sourcecode.c.objc; path = "NSString+Base64.m"; sourceTree = "<group>"; };
		0E623E241F0A1E6A00233623 /* README.md */ = {isa = PBXFileReference; fileEncoding = 4; lastKnownFileType = net.daringfireball.markdown; path = README.md; sourceTree = "<group>"; };
		0E7E67161EE95A5D0049FB98 /* HACBarChart.h */ = {isa = PBXFileReference; fileEncoding = 4; lastKnownFileType = sourcecode.c.h; path = HACBarChart.h; sourceTree = "<group>"; };
		0E7E67171EE95A5D0049FB98 /* HACBarChart.m */ = {isa = PBXFileReference; fileEncoding = 4; lastKnownFileType = sourcecode.c.objc; path = HACBarChart.m; sourceTree = "<group>"; };
		0E7E67181EE95A5D0049FB98 /* HACBarLayer.h */ = {isa = PBXFileReference; fileEncoding = 4; lastKnownFileType = sourcecode.c.h; path = HACBarLayer.h; sourceTree = "<group>"; };
		0E7E67191EE95A5D0049FB98 /* HACBarLayer.m */ = {isa = PBXFileReference; fileEncoding = 4; lastKnownFileType = sourcecode.c.objc; path = HACBarLayer.m; sourceTree = "<group>"; };
		0E7E671D1EE95BED0049FB98 /* Charts.swift */ = {isa = PBXFileReference; fileEncoding = 4; lastKnownFileType = sourcecode.swift; path = Charts.swift; sourceTree = "<group>"; };
		0E8AF3C21EF8CAAD003A3003 /* AnimationDemo.swift */ = {isa = PBXFileReference; fileEncoding = 4; lastKnownFileType = sourcecode.swift; path = AnimationDemo.swift; sourceTree = "<group>"; };
		0E8AF3C41EF8CBF4003A3003 /* LoaderView2.xib */ = {isa = PBXFileReference; fileEncoding = 4; lastKnownFileType = file.xib; path = LoaderView2.xib; sourceTree = "<group>"; };
		0EB058611EE57B940058A39D /* getAllcontacts.swift */ = {isa = PBXFileReference; fileEncoding = 4; lastKnownFileType = sourcecode.swift; path = getAllcontacts.swift; sourceTree = "<group>"; };
		0EB058631EE581680058A39D /* AddressBookUI.framework */ = {isa = PBXFileReference; lastKnownFileType = wrapper.framework; name = AddressBookUI.framework; path = System/Library/Frameworks/AddressBookUI.framework; sourceTree = SDKROOT; };
		0EB058651EE584E80058A39D /* ContactEntry.swift */ = {isa = PBXFileReference; fileEncoding = 4; lastKnownFileType = sourcecode.swift; path = ContactEntry.swift; sourceTree = "<group>"; };
		0EB058671EE585300058A39D /* String+Email.swift */ = {isa = PBXFileReference; fileEncoding = 4; lastKnownFileType = sourcecode.swift; path = "String+Email.swift"; sourceTree = "<group>"; };
		0EEC1E171EDEEC0E00FBC91E /* CustomCallOutMapview.swift */ = {isa = PBXFileReference; fileEncoding = 4; lastKnownFileType = sourcecode.swift; path = CustomCallOutMapview.swift; sourceTree = "<group>"; };
		0EEC1E1D1EDEF78600FBC91E /* AnnotationView.swift */ = {isa = PBXFileReference; fileEncoding = 4; lastKnownFileType = sourcecode.swift; path = AnnotationView.swift; sourceTree = "<group>"; };
		0EEC1E1E1EDEF78600FBC91E /* StarbucksAnnotation.swift */ = {isa = PBXFileReference; fileEncoding = 4; lastKnownFileType = sourcecode.swift; path = StarbucksAnnotation.swift; sourceTree = "<group>"; };
		0EEC1E211EDEF79700FBC91E /* CustomCalloutView.xib */ = {isa = PBXFileReference; fileEncoding = 4; lastKnownFileType = file.xib; path = CustomCalloutView.xib; sourceTree = "<group>"; };
		0EEC1E221EDEF79700FBC91E /* CustomCalloutView.swift */ = {isa = PBXFileReference; fileEncoding = 4; lastKnownFileType = sourcecode.swift; path = CustomCalloutView.swift; sourceTree = "<group>"; };
		0EEC1E2C1EDEFB6800FBC91E /* MapKit.framework */ = {isa = PBXFileReference; lastKnownFileType = wrapper.framework; name = MapKit.framework; path = System/Library/Frameworks/MapKit.framework; sourceTree = SDKROOT; };
		56C9ED7E606C9934302BC2DC /* Pods-PractisDemo.release.xcconfig */ = {isa = PBXFileReference; includeInIndex = 1; lastKnownFileType = text.xcconfig; name = "Pods-PractisDemo.release.xcconfig"; path = "Pods/Target Support Files/Pods-PractisDemo/Pods-PractisDemo.release.xcconfig"; sourceTree = "<group>"; };
		9FE860961C4AEEBC15C87D91 /* Pods-PractisDemo.debug.xcconfig */ = {isa = PBXFileReference; includeInIndex = 1; lastKnownFileType = text.xcconfig; name = "Pods-PractisDemo.debug.xcconfig"; path = "Pods/Target Support Files/Pods-PractisDemo/Pods-PractisDemo.debug.xcconfig"; sourceTree = "<group>"; };
		C1D69D27C6F8667C444F73F4 /* Pods_PractisDemo.framework */ = {isa = PBXFileReference; explicitFileType = wrapper.framework; includeInIndex = 0; path = Pods_PractisDemo.framework; sourceTree = BUILT_PRODUCTS_DIR; };
/* End PBXFileReference section */

/* Begin PBXFrameworksBuildPhase section */
		0E210BBC1EDBF60500D705BD /* Frameworks */ = {
			isa = PBXFrameworksBuildPhase;
			buildActionMask = 2147483647;
			files = (
				0E079D511EFCCC8700EC28D2 /* Lottie.framework in Frameworks */,
				0EB058641EE581680058A39D /* AddressBookUI.framework in Frameworks */,
				0E46F7621EE6A8D300BEC579 /* Fabric.framework in Frameworks */,
				0EEC1E2D1EDEFB6800FBC91E /* MapKit.framework in Frameworks */,
				0E46F7611EE6A8D300BEC579 /* Crashlytics.framework in Frameworks */,
				811BF94B6D8B329CC775BB15 /* Pods_PractisDemo.framework in Frameworks */,
			);
			runOnlyForDeploymentPostprocessing = 0;
		};
/* End PBXFrameworksBuildPhase section */

/* Begin PBXGroup section */
		0E079D5C1EFCD30100EC28D2 /* Assets */ = {
			isa = PBXGroup;
			children = (
				0E079D521EFCCD8500EC28D2 /* PinJump.json */,
				0E079D531EFCCD8500EC28D2 /* buttonOff.json */,
				0E079D541EFCCD8500EC28D2 /* buttonOn.json */,
				0E079D5D1EFCD30100EC28D2 /* 9squares-AlBoardman.json */,
				0E079D5E1EFCD30100EC28D2 /* HamburgerArrow.json */,
				0E079D5F1EFCD30100EC28D2 /* IconTransitions.json */,
				0E079D601EFCD30100EC28D2 /* LottieLogo1.json */,
				0E079D611EFCD30100EC28D2 /* LottieLogo1_masked.json */,
				0E079D621EFCD30100EC28D2 /* LottieLogo2.json */,
				0E079D631EFCD30100EC28D2 /* MotionCorpse-Jrcanest.json */,
				0E079D641EFCD30100EC28D2 /* PinJump.json */,
				0E079D651EFCD30100EC28D2 /* TwitterHeart.json */,
				0E079D661EFCD30100EC28D2 /* TypeFace */,
				0E079D851EFCD30100EC28D2 /* vcTransition1.json */,
				0E079D861EFCD30100EC28D2 /* vcTransition2.json */,
				0E079D871EFCD30100EC28D2 /* Watermelon.json */,
			);
			path = Assets;
			sourceTree = "<group>";
		};
		0E079D661EFCD30100EC28D2 /* TypeFace */ = {
			isa = PBXGroup;
			children = (
				0E079D671EFCD30100EC28D2 /* A.json */,
				0E079D681EFCD30100EC28D2 /* Apostrophe.json */,
				0E079D691EFCD30100EC28D2 /* B.json */,
				0E079D6A1EFCD30100EC28D2 /* BlinkingCursor.json */,
				0E079D6B1EFCD30100EC28D2 /* C.json */,
				0E079D6C1EFCD30100EC28D2 /* Colon.json */,
				0E079D6D1EFCD30100EC28D2 /* Comma.json */,
				0E079D6E1EFCD30100EC28D2 /* D.json */,
				0E079D6F1EFCD30100EC28D2 /* E.json */,
				0E079D701EFCD30100EC28D2 /* F.json */,
				0E079D711EFCD30100EC28D2 /* G.json */,
				0E079D721EFCD30100EC28D2 /* H.json */,
				0E079D731EFCD30100EC28D2 /* I.json */,
				0E079D741EFCD30100EC28D2 /* J.json */,
				0E079D751EFCD30100EC28D2 /* K.json */,
				0E079D761EFCD30100EC28D2 /* L.json */,
				0E079D771EFCD30100EC28D2 /* M.json */,
				0E079D781EFCD30100EC28D2 /* N.json */,
				0E079D791EFCD30100EC28D2 /* O.json */,
				0E079D7A1EFCD30100EC28D2 /* P.json */,
				0E079D7B1EFCD30100EC28D2 /* Q.json */,
				0E079D7C1EFCD30100EC28D2 /* R.json */,
				0E079D7D1EFCD30100EC28D2 /* S.json */,
				0E079D7E1EFCD30100EC28D2 /* T.json */,
				0E079D7F1EFCD30100EC28D2 /* U.json */,
				0E079D801EFCD30100EC28D2 /* V.json */,
				0E079D811EFCD30100EC28D2 /* W.json */,
				0E079D821EFCD30100EC28D2 /* X.json */,
				0E079D831EFCD30100EC28D2 /* Y.json */,
				0E079D841EFCD30100EC28D2 /* Z.json */,
			);
			path = TypeFace;
			sourceTree = "<group>";
		};
		0E210BB61EDBF60500D705BD = {
			isa = PBXGroup;
			children = (
				0E210BC11EDBF60500D705BD /* PractisDemo */,
				0E210BC01EDBF60500D705BD /* Products */,
				4566BAE0D67BEEDE8613F788 /* Pods */,
				4DEEB6DAD7FA7E9A47879128 /* Frameworks */,
			);
			sourceTree = "<group>";
		};
		0E210BC01EDBF60500D705BD /* Products */ = {
			isa = PBXGroup;
			children = (
				0E210BBF1EDBF60500D705BD /* PractisDemo.app */,
			);
			name = Products;
			sourceTree = "<group>";
		};
		0E210BC11EDBF60500D705BD /* PractisDemo */ = {
			isa = PBXGroup;
			children = (
				0E46F75F1EE6A8D300BEC579 /* Crashlytics.framework */,
				0E46F7601EE6A8D300BEC579 /* Fabric.framework */,
				0E210BC21EDBF60500D705BD /* AppDelegate.swift */,
				0E623E2B1F0A1E7000233623 /* AESSDK */,
				0E079D5C1EFCD30100EC28D2 /* Assets */,
				0E623E191F0A10D800233623 /* AESAlgo.swift */,
				0E623E181F0A10B800233623 /* ViewController */,
				0E8AF3C41EF8CBF4003A3003 /* LoaderView2.xib */,
				0EEC1E251EDEF7E600FBC91E /* CalloutCustom */,
				0E210BC61EDBF60500D705BD /* Main.storyboard */,
				0E32F61E1EEAEA5B00177063 /* ChartLibrary */,
				0E210BC91EDBF60500D705BD /* Assets.xcassets */,
				0E210BCB1EDBF60500D705BD /* LaunchScreen.storyboard */,
				0E210BCE1EDBF60500D705BD /* Info.plist */,
				0E1EC9CD1EE808AF00BF23D6 /* PractisDemo-Bridging-Header.h */,
				0E1EC9D91EE83A2500BF23D6 /* LoaderView.xib */,
				0E7E671C1EE95B720049FB98 /* HACGraph */,
			);
			path = PractisDemo;
			sourceTree = "<group>";
		};
		0E32F61E1EEAEA5B00177063 /* ChartLibrary */ = {
			isa = PBXGroup;
			children = (
				0E32F61F1EEAEA5B00177063 /* Examples */,
				0E32F63F1EEAEA5C00177063 /* HorizontalGuide.swift */,
				0E32F6401EEAEA5C00177063 /* PointGuide.swift */,
				0E32F6411EEAEA5C00177063 /* String.swift */,
				0E32F6421EEAEA5C00177063 /* UIColor.swift */,
				0E32F6431EEAEA5C00177063 /* VerticalGuide.swift */,
			);
			path = ChartLibrary;
			sourceTree = "<group>";
		};
		0E32F61F1EEAEA5B00177063 /* Examples */ = {
			isa = PBXGroup;
			children = (
				0E32F6201EEAEA5B00177063 /* AreasExample.swift */,
				0E32F6211EEAEA5B00177063 /* BarsExample.swift */,
				0E32F6221EEAEA5B00177063 /* BarsPlusMinusAndLinesExample.swift */,
				0E32F6231EEAEA5B00177063 /* BarsPlusMinusWithGradientExample.swift */,
				0E32F6241EEAEA5B00177063 /* BubbleExample.swift */,
				0E32F6251EEAEA5B00177063 /* CandleStickExample.swift */,
				0E32F6261EEAEA5B00177063 /* CandleStickInteractiveExample.swift */,
				0E32F6271EEAEA5B00177063 /* Convenience */,
				0E32F62A1EEAEA5B00177063 /* CoordsExample.swift */,
				0E32F62B1EEAEA5B00177063 /* CubicLinesExample.swift */,
				0E32F62C1EEAEA5B00177063 /* CustomUnitsExample.swift */,
				0E32F62D1EEAEA5B00177063 /* Env.swift */,
				0E32F62E1EEAEA5B00177063 /* EqualSpacingExample.swift */,
				0E32F62F1EEAEA5B00177063 /* ExamplesDefaults.swift */,
				0E32F6301EEAEA5C00177063 /* GroupedAndStackedBarsExample.swift */,
				0E32F6311EEAEA5C00177063 /* GroupedBarsExample.swift */,
				0E32F6321EEAEA5C00177063 /* HelloWorld.swift */,
				0E32F6331EEAEA5C00177063 /* MultipleAxesExample.swift */,
				0E32F6341EEAEA5C00177063 /* MultipleAxesInteractiveExample.swift */,
				0E32F6351EEAEA5C00177063 /* MultipleLabelsExample.swift */,
				0E32F6361EEAEA5C00177063 /* MultiTrackerExample.swift */,
				0E32F6371EEAEA5C00177063 /* NotificationsExample.swift */,
				0E32F6381EEAEA5C00177063 /* NotNumericExample.swift */,
				0E32F6391EEAEA5C00177063 /* RangedAxisExample.swift */,
				0E32F63A1EEAEA5C00177063 /* ScatterExample.swift */,
				0E32F63B1EEAEA5C00177063 /* StackedBarsExample.swift */,
				0E32F63C1EEAEA5C00177063 /* TargetExample.swift */,
				0E32F63D1EEAEA5C00177063 /* TrackerExample.swift */,
				0E32F63E1EEAEA5C00177063 /* TrendlineExample.swift */,
			);
			path = Examples;
			sourceTree = "<group>";
		};
		0E32F6271EEAEA5B00177063 /* Convenience */ = {
			isa = PBXGroup;
			children = (
				0E32F6281EEAEA5B00177063 /* ConvenienceBarsExample.swift */,
				0E32F6291EEAEA5B00177063 /* ConvenienceLinesExample.swift */,
			);
			path = Convenience;
			sourceTree = "<group>";
		};
		0E623E181F0A10B800233623 /* ViewController */ = {
			isa = PBXGroup;
			children = (
				0E210BC41EDBF60500D705BD /* ViewController.swift */,
				0EB058651EE584E80058A39D /* ContactEntry.swift */,
				0EB058671EE585300058A39D /* String+Email.swift */,
				0EB058611EE57B940058A39D /* getAllcontacts.swift */,
				0E1C13A51EE7E38C000633DF /* DrawRout.swift */,
				0E7E671D1EE95BED0049FB98 /* Charts.swift */,
				0E1C13A71EE7E62E000633DF /* Polyline.swift */,
				0E3644661EF62D6A006191E0 /* MapViewcluster.swift */,
				0E8AF3C21EF8CAAD003A3003 /* AnimationDemo.swift */,
				0E0D420A1EFF6C30003A43E7 /* DrawLabel.swift */,
			);
			name = ViewController;
			sourceTree = "<group>";
		};
		0E623E2B1F0A1E7000233623 /* AESSDK */ = {
			isa = PBXGroup;
			children = (
				0E623E1B1F0A1E6A00233623 /* AESCrypt.h */,
				0E623E1C1F0A1E6A00233623 /* AESCrypt.m */,
				0E623E1D1F0A1E6A00233623 /* LICENSE */,
				0E623E1E1F0A1E6A00233623 /* NSData+Base64.h */,
				0E623E1F1F0A1E6A00233623 /* NSData+Base64.m */,
				0E623E201F0A1E6A00233623 /* NSData+CommonCrypto.h */,
				0E623E211F0A1E6A00233623 /* NSData+CommonCrypto.m */,
				0E623E221F0A1E6A00233623 /* NSString+Base64.h */,
				0E623E231F0A1E6A00233623 /* NSString+Base64.m */,
				0E623E241F0A1E6A00233623 /* README.md */,
			);
			name = AESSDK;
			sourceTree = "<group>";
		};
		0E7E671C1EE95B720049FB98 /* HACGraph */ = {
			isa = PBXGroup;
			children = (
				0E7E67161EE95A5D0049FB98 /* HACBarChart.h */,
				0E7E67171EE95A5D0049FB98 /* HACBarChart.m */,
				0E7E67181EE95A5D0049FB98 /* HACBarLayer.h */,
				0E7E67191EE95A5D0049FB98 /* HACBarLayer.m */,
			);
			name = HACGraph;
			sourceTree = "<group>";
		};
		0EEC1E251EDEF7E600FBC91E /* CalloutCustom */ = {
			isa = PBXGroup;
			children = (
				0EEC1E221EDEF79700FBC91E /* CustomCalloutView.swift */,
				0EEC1E211EDEF79700FBC91E /* CustomCalloutView.xib */,
				0EEC1E1D1EDEF78600FBC91E /* AnnotationView.swift */,
				0EEC1E1E1EDEF78600FBC91E /* StarbucksAnnotation.swift */,
				0EEC1E171EDEEC0E00FBC91E /* CustomCallOutMapview.swift */,
			);
			name = CalloutCustom;
			sourceTree = "<group>";
		};
		4566BAE0D67BEEDE8613F788 /* Pods */ = {
			isa = PBXGroup;
			children = (
				9FE860961C4AEEBC15C87D91 /* Pods-PractisDemo.debug.xcconfig */,
				56C9ED7E606C9934302BC2DC /* Pods-PractisDemo.release.xcconfig */,
			);
			name = Pods;
			sourceTree = "<group>";
		};
		4DEEB6DAD7FA7E9A47879128 /* Frameworks */ = {
			isa = PBXGroup;
			children = (
				0E079D501EFCCC8700EC28D2 /* Lottie.framework */,
				0EB058631EE581680058A39D /* AddressBookUI.framework */,
				0EEC1E2C1EDEFB6800FBC91E /* MapKit.framework */,
				C1D69D27C6F8667C444F73F4 /* Pods_PractisDemo.framework */,
			);
			name = Frameworks;
			sourceTree = "<group>";
		};
/* End PBXGroup section */

/* Begin PBXNativeTarget section */
		0E210BBE1EDBF60500D705BD /* PractisDemo */ = {
			isa = PBXNativeTarget;
			buildConfigurationList = 0E210BD11EDBF60500D705BD /* Build configuration list for PBXNativeTarget "PractisDemo" */;
			buildPhases = (
				0FAB61931A40D88BAD3A2CE7 /* [CP] Check Pods Manifest.lock */,
				0E210BBB1EDBF60500D705BD /* Sources */,
				0E210BBC1EDBF60500D705BD /* Frameworks */,
				0E210BBD1EDBF60500D705BD /* Resources */,
				C73348421578CFD70757FBB8 /* [CP] Embed Pods Frameworks */,
				B14FD6245D4446AA0611C958 /* [CP] Copy Pods Resources */,
				0E46F75E1EE6879800BEC579 /* ShellScript */,
			);
			buildRules = (
			);
			dependencies = (
			);
			name = PractisDemo;
			productName = PractisDemo;
			productReference = 0E210BBF1EDBF60500D705BD /* PractisDemo.app */;
			productType = "com.apple.product-type.application";
		};
/* End PBXNativeTarget section */

/* Begin PBXProject section */
		0E210BB71EDBF60500D705BD /* Project object */ = {
			isa = PBXProject;
			attributes = {
				LastSwiftUpdateCheck = 0820;
				LastUpgradeCheck = 0820;
				ORGANIZATIONNAME = sufalam;
				TargetAttributes = {
					0E210BBE1EDBF60500D705BD = {
						CreatedOnToolsVersion = 8.2.1;
						DevelopmentTeam = 4D7WM9KH8K;
						LastSwiftMigration = 0820;
						ProvisioningStyle = Automatic;
					};
				};
			};
			buildConfigurationList = 0E210BBA1EDBF60500D705BD /* Build configuration list for PBXProject "PractisDemo" */;
			compatibilityVersion = "Xcode 3.2";
			developmentRegion = English;
			hasScannedForEncodings = 0;
			knownRegions = (
				en,
				Base,
			);
			mainGroup = 0E210BB61EDBF60500D705BD;
			productRefGroup = 0E210BC01EDBF60500D705BD /* Products */;
			projectDirPath = "";
			projectRoot = "";
			targets = (
				0E210BBE1EDBF60500D705BD /* PractisDemo */,
			);
		};
/* End PBXProject section */

/* Begin PBXResourcesBuildPhase section */
		0E210BBD1EDBF60500D705BD /* Resources */ = {
			isa = PBXResourcesBuildPhase;
			buildActionMask = 2147483647;
			files = (
				0E079DAA1EFCD30100EC28D2 /* V.json in Resources */,
				0E079DA61EFCD30100EC28D2 /* R.json in Resources */,
				0E623E261F0A1E6A00233623 /* LICENSE in Resources */,
				0E079DA51EFCD30100EC28D2 /* Q.json in Resources */,
				0E079DA01EFCD30100EC28D2 /* L.json in Resources */,
				0E079D9F1EFCD30100EC28D2 /* K.json in Resources */,
				0E079DA91EFCD30100EC28D2 /* U.json in Resources */,
				0E079D9C1EFCD30100EC28D2 /* H.json in Resources */,
				0E079D981EFCD30100EC28D2 /* D.json in Resources */,
				0E079D9D1EFCD30100EC28D2 /* I.json in Resources */,
				0E079DA11EFCD30100EC28D2 /* M.json in Resources */,
				0E079DAC1EFCD30100EC28D2 /* X.json in Resources */,
				0E079D551EFCCD8500EC28D2 /* PinJump.json in Resources */,
				0E079D881EFCD30100EC28D2 /* 9squares-AlBoardman.json in Resources */,
				0E079D571EFCCD8500EC28D2 /* buttonOn.json in Resources */,
				0E079D8A1EFCD30100EC28D2 /* IconTransitions.json in Resources */,
				0E079DA81EFCD30100EC28D2 /* T.json in Resources */,
				0E079DAF1EFCD30100EC28D2 /* vcTransition1.json in Resources */,
				0E079DAB1EFCD30100EC28D2 /* W.json in Resources */,
				0E079D8C1EFCD30100EC28D2 /* LottieLogo1_masked.json in Resources */,
				0E079D961EFCD30100EC28D2 /* Colon.json in Resources */,
				0E079DA41EFCD30100EC28D2 /* P.json in Resources */,
				0E079D941EFCD30100EC28D2 /* BlinkingCursor.json in Resources */,
				0E079D951EFCD30100EC28D2 /* C.json in Resources */,
				0E8AF3C51EF8CBF4003A3003 /* LoaderView2.xib in Resources */,
				0E079D901EFCD30100EC28D2 /* TwitterHeart.json in Resources */,
				0E079DAE1EFCD30100EC28D2 /* Z.json in Resources */,
				0E079DB01EFCD30100EC28D2 /* vcTransition2.json in Resources */,
				0E1EC9DA1EE83A2500BF23D6 /* LoaderView.xib in Resources */,
				0E079D9A1EFCD30100EC28D2 /* F.json in Resources */,
				0E079D8B1EFCD30100EC28D2 /* LottieLogo1.json in Resources */,
				0E079DAD1EFCD30100EC28D2 /* Y.json in Resources */,
				0E079D931EFCD30100EC28D2 /* B.json in Resources */,
				0E079D971EFCD30100EC28D2 /* Comma.json in Resources */,
				0E079D991EFCD30100EC28D2 /* E.json in Resources */,
				0E079D8F1EFCD30100EC28D2 /* PinJump.json in Resources */,
				0E079D9B1EFCD30100EC28D2 /* G.json in Resources */,
				0E079DA21EFCD30100EC28D2 /* N.json in Resources */,
				0E079DA71EFCD30100EC28D2 /* S.json in Resources */,
				0EEC1E231EDEF79700FBC91E /* CustomCalloutView.xib in Resources */,
				0E210BCD1EDBF60500D705BD /* LaunchScreen.storyboard in Resources */,
				0E079D921EFCD30100EC28D2 /* Apostrophe.json in Resources */,
				0E079D9E1EFCD30100EC28D2 /* J.json in Resources */,
				0E079D891EFCD30100EC28D2 /* HamburgerArrow.json in Resources */,
				0E079D911EFCD30100EC28D2 /* A.json in Resources */,
				0E079D8E1EFCD30100EC28D2 /* MotionCorpse-Jrcanest.json in Resources */,
				0E079D561EFCCD8500EC28D2 /* buttonOff.json in Resources */,
				0E210BCA1EDBF60500D705BD /* Assets.xcassets in Resources */,
				0E079D8D1EFCD30100EC28D2 /* LottieLogo2.json in Resources */,
				0E210BC81EDBF60500D705BD /* Main.storyboard in Resources */,
				0E079DB11EFCD30100EC28D2 /* Watermelon.json in Resources */,
				0E079DA31EFCD30100EC28D2 /* O.json in Resources */,
			);
			runOnlyForDeploymentPostprocessing = 0;
		};
/* End PBXResourcesBuildPhase section */

/* Begin PBXShellScriptBuildPhase section */
		0E46F75E1EE6879800BEC579 /* ShellScript */ = {
			isa = PBXShellScriptBuildPhase;
			buildActionMask = 2147483647;
			files = (
			);
			inputPaths = (
			);
			outputPaths = (
			);
			runOnlyForDeploymentPostprocessing = 0;
			shellPath = /bin/sh;
			shellScript = "\"${PODS_ROOT}/Fabric/run\" 87471b2d9057775a8221888d35dd8801ab43e55e 2a60015f12303db84b54e297fcf2a87c572b7573568ce142a1b95d1d17ac759a";
		};
		0FAB61931A40D88BAD3A2CE7 /* [CP] Check Pods Manifest.lock */ = {
			isa = PBXShellScriptBuildPhase;
			buildActionMask = 2147483647;
			files = (
			);
			inputPaths = (
			);
			name = "[CP] Check Pods Manifest.lock";
			outputPaths = (
			);
			runOnlyForDeploymentPostprocessing = 0;
			shellPath = /bin/sh;
			shellScript = "diff \"${PODS_PODFILE_DIR_PATH}/Podfile.lock\" \"${PODS_ROOT}/Manifest.lock\" > /dev/null\nif [ $? != 0 ] ; then\n    # print error to STDERR\n    echo \"error: The sandbox is not in sync with the Podfile.lock. Run 'pod install' or update your CocoaPods installation.\" >&2\n    exit 1\nfi\n";
			showEnvVarsInLog = 0;
		};
		B14FD6245D4446AA0611C958 /* [CP] Copy Pods Resources */ = {
			isa = PBXShellScriptBuildPhase;
			buildActionMask = 2147483647;
			files = (
			);
			inputPaths = (
			);
			name = "[CP] Copy Pods Resources";
			outputPaths = (
			);
			runOnlyForDeploymentPostprocessing = 0;
			shellPath = /bin/sh;
			shellScript = "\"${SRCROOT}/Pods/Target Support Files/Pods-PractisDemo/Pods-PractisDemo-resources.sh\"\n";
			showEnvVarsInLog = 0;
		};
		C73348421578CFD70757FBB8 /* [CP] Embed Pods Frameworks */ = {
			isa = PBXShellScriptBuildPhase;
			buildActionMask = 2147483647;
			files = (
			);
			inputPaths = (
			);
			name = "[CP] Embed Pods Frameworks";
			outputPaths = (
			);
			runOnlyForDeploymentPostprocessing = 0;
			shellPath = /bin/sh;
			shellScript = "\"${SRCROOT}/Pods/Target Support Files/Pods-PractisDemo/Pods-PractisDemo-frameworks.sh\"\n";
			showEnvVarsInLog = 0;
		};
/* End PBXShellScriptBuildPhase section */

/* Begin PBXSourcesBuildPhase section */
		0E210BBB1EDBF60500D705BD /* Sources */ = {
			isa = PBXSourcesBuildPhase;
			buildActionMask = 2147483647;
			files = (
				0E32F6481EEAEA5C00177063 /* BubbleExample.swift in Sources */,
				0E32F6451EEAEA5C00177063 /* BarsExample.swift in Sources */,
				0EB058621EE57B940058A39D /* getAllcontacts.swift in Sources */,
				0E1C13A61EE7E38C000633DF /* DrawRout.swift in Sources */,
				0E32F6441EEAEA5C00177063 /* AreasExample.swift in Sources */,
				0E32F6621EEAEA5C00177063 /* HorizontalGuide.swift in Sources */,
				0E32F6521EEAEA5C00177063 /* ExamplesDefaults.swift in Sources */,
				0E32F64A1EEAEA5C00177063 /* CandleStickInteractiveExample.swift in Sources */,
				0E32F6551EEAEA5C00177063 /* HelloWorld.swift in Sources */,
				0E7E671B1EE95A5D0049FB98 /* HACBarLayer.m in Sources */,
				0E32F65D1EEAEA5C00177063 /* ScatterExample.swift in Sources */,
				0E623E1A1F0A10D800233623 /* AESAlgo.swift in Sources */,
				0E32F6661EEAEA5C00177063 /* VerticalGuide.swift in Sources */,
				0E1C13A81EE7E62E000633DF /* Polyline.swift in Sources */,
				0E32F6541EEAEA5C00177063 /* GroupedBarsExample.swift in Sources */,
				0E7E671E1EE95BED0049FB98 /* Charts.swift in Sources */,
				0E623E251F0A1E6A00233623 /* AESCrypt.m in Sources */,
				0E32F6471EEAEA5C00177063 /* BarsPlusMinusWithGradientExample.swift in Sources */,
				0E8AF3C31EF8CAAD003A3003 /* AnimationDemo.swift in Sources */,
				0E32F6601EEAEA5C00177063 /* TrackerExample.swift in Sources */,
				0E32F6461EEAEA5C00177063 /* BarsPlusMinusAndLinesExample.swift in Sources */,
				0E32F6561EEAEA5C00177063 /* MultipleAxesExample.swift in Sources */,
				0E7E671A1EE95A5D0049FB98 /* HACBarChart.m in Sources */,
				0EEC1E241EDEF79700FBC91E /* CustomCalloutView.swift in Sources */,
				0EB058681EE585300058A39D /* String+Email.swift in Sources */,
				0E32F6571EEAEA5C00177063 /* MultipleAxesInteractiveExample.swift in Sources */,
				0EEC1E201EDEF78600FBC91E /* StarbucksAnnotation.swift in Sources */,
				0E32F6611EEAEA5C00177063 /* TrendlineExample.swift in Sources */,
				0E32F64F1EEAEA5C00177063 /* CustomUnitsExample.swift in Sources */,
				0E32F6581EEAEA5C00177063 /* MultipleLabelsExample.swift in Sources */,
				0E32F6531EEAEA5C00177063 /* GroupedAndStackedBarsExample.swift in Sources */,
				0E32F65A1EEAEA5C00177063 /* NotificationsExample.swift in Sources */,
				0E32F65F1EEAEA5C00177063 /* TargetExample.swift in Sources */,
				0EB058661EE584E80058A39D /* ContactEntry.swift in Sources */,
				0EEC1E181EDEEC0E00FBC91E /* CustomCallOutMapview.swift in Sources */,
				0E3644671EF62D6A006191E0 /* MapViewcluster.swift in Sources */,
				0E32F64E1EEAEA5C00177063 /* CubicLinesExample.swift in Sources */,
				0E32F6491EEAEA5C00177063 /* CandleStickExample.swift in Sources */,
				0EEC1E1F1EDEF78600FBC91E /* AnnotationView.swift in Sources */,
				0E32F6511EEAEA5C00177063 /* EqualSpacingExample.swift in Sources */,
				0E32F6501EEAEA5C00177063 /* Env.swift in Sources */,
				0E32F64C1EEAEA5C00177063 /* ConvenienceLinesExample.swift in Sources */,
				0E623E2A1F0A1E6A00233623 /* README.md in Sources */,
				0E32F6651EEAEA5C00177063 /* UIColor.swift in Sources */,
				0E32F64D1EEAEA5C00177063 /* CoordsExample.swift in Sources */,
				0E210BC51EDBF60500D705BD /* ViewController.swift in Sources */,
				0E32F65C1EEAEA5C00177063 /* RangedAxisExample.swift in Sources */,
				0E32F65B1EEAEA5C00177063 /* NotNumericExample.swift in Sources */,
				0E623E271F0A1E6A00233623 /* NSData+Base64.m in Sources */,
				0E623E291F0A1E6A00233623 /* NSString+Base64.m in Sources */,
				0E623E281F0A1E6A00233623 /* NSData+CommonCrypto.m in Sources */,
				0E32F64B1EEAEA5C00177063 /* ConvenienceBarsExample.swift in Sources */,
				0E210BC31EDBF60500D705BD /* AppDelegate.swift in Sources */,
				0E32F6631EEAEA5C00177063 /* PointGuide.swift in Sources */,
				0E0D420B1EFF6C30003A43E7 /* DrawLabel.swift in Sources */,
				0E32F6591EEAEA5C00177063 /* MultiTrackerExample.swift in Sources */,
				0E32F65E1EEAEA5C00177063 /* StackedBarsExample.swift in Sources */,
				0E32F6641EEAEA5C00177063 /* String.swift in Sources */,
			);
			runOnlyForDeploymentPostprocessing = 0;
		};
/* End PBXSourcesBuildPhase section */

/* Begin PBXVariantGroup section */
		0E210BC61EDBF60500D705BD /* Main.storyboard */ = {
			isa = PBXVariantGroup;
			children = (
				0E210BC71EDBF60500D705BD /* Base */,
			);
			name = Main.storyboard;
			sourceTree = "<group>";
		};
		0E210BCB1EDBF60500D705BD /* LaunchScreen.storyboard */ = {
			isa = PBXVariantGroup;
			children = (
				0E210BCC1EDBF60500D705BD /* Base */,
			);
			name = LaunchScreen.storyboard;
			sourceTree = "<group>";
		};
/* End PBXVariantGroup section */

/* Begin XCBuildConfiguration section */
		0E210BCF1EDBF60500D705BD /* Debug */ = {
			isa = XCBuildConfiguration;
			buildSettings = {
				ALWAYS_SEARCH_USER_PATHS = NO;
				CLANG_ANALYZER_NONNULL = YES;
				CLANG_CXX_LANGUAGE_STANDARD = "gnu++0x";
				CLANG_CXX_LIBRARY = "libc++";
				CLANG_ENABLE_MODULES = YES;
				CLANG_ENABLE_OBJC_ARC = YES;
				CLANG_WARN_BOOL_CONVERSION = YES;
				CLANG_WARN_CONSTANT_CONVERSION = YES;
				CLANG_WARN_DIRECT_OBJC_ISA_USAGE = YES_ERROR;
				CLANG_WARN_DOCUMENTATION_COMMENTS = YES;
				CLANG_WARN_EMPTY_BODY = YES;
				CLANG_WARN_ENUM_CONVERSION = YES;
				CLANG_WARN_INFINITE_RECURSION = YES;
				CLANG_WARN_INT_CONVERSION = YES;
				CLANG_WARN_OBJC_ROOT_CLASS = YES_ERROR;
				CLANG_WARN_SUSPICIOUS_MOVE = YES;
				CLANG_WARN_UNREACHABLE_CODE = YES;
				CLANG_WARN__DUPLICATE_METHOD_MATCH = YES;
				CODE_SIGN_IDENTITY = "iPhone Distribution: Sufalam Technologies Private Ltd. (4D7WM9KH8K)";
				"CODE_SIGN_IDENTITY[sdk=iphoneos*]" = "iPhone Distribution: Sufalam Technologies Private Ltd. (4D7WM9KH8K)";
				COPY_PHASE_STRIP = NO;
				DEBUG_INFORMATION_FORMAT = dwarf;
				DEVELOPMENT_TEAM = 4D7WM9KH8K;
				ENABLE_STRICT_OBJC_MSGSEND = YES;
				ENABLE_TESTABILITY = YES;
				GCC_C_LANGUAGE_STANDARD = gnu99;
				GCC_DYNAMIC_NO_PIC = NO;
				GCC_NO_COMMON_BLOCKS = YES;
				GCC_OPTIMIZATION_LEVEL = 0;
				GCC_PREPROCESSOR_DEFINITIONS = (
					"DEBUG=1",
					"$(inherited)",
				);
				GCC_WARN_64_TO_32_BIT_CONVERSION = YES;
				GCC_WARN_ABOUT_RETURN_TYPE = YES_ERROR;
				GCC_WARN_UNDECLARED_SELECTOR = YES;
				GCC_WARN_UNINITIALIZED_AUTOS = YES_AGGRESSIVE;
				GCC_WARN_UNUSED_FUNCTION = YES;
				GCC_WARN_UNUSED_VARIABLE = YES;
				IPHONEOS_DEPLOYMENT_TARGET = 10.2;
				MTL_ENABLE_DEBUG_INFO = YES;
				ONLY_ACTIVE_ARCH = YES;
				SDKROOT = iphoneos;
				SWIFT_ACTIVE_COMPILATION_CONDITIONS = DEBUG;
				SWIFT_OPTIMIZATION_LEVEL = "-Onone";
				TARGETED_DEVICE_FAMILY = "1,2";
			};
			name = Debug;
		};
		0E210BD01EDBF60500D705BD /* Release */ = {
			isa = XCBuildConfiguration;
			buildSettings = {
				ALWAYS_SEARCH_USER_PATHS = NO;
				CLANG_ANALYZER_NONNULL = YES;
				CLANG_CXX_LANGUAGE_STANDARD = "gnu++0x";
				CLANG_CXX_LIBRARY = "libc++";
				CLANG_ENABLE_MODULES = YES;
				CLANG_ENABLE_OBJC_ARC = YES;
				CLANG_WARN_BOOL_CONVERSION = YES;
				CLANG_WARN_CONSTANT_CONVERSION = YES;
				CLANG_WARN_DIRECT_OBJC_ISA_USAGE = YES_ERROR;
				CLANG_WARN_DOCUMENTATION_COMMENTS = YES;
				CLANG_WARN_EMPTY_BODY = YES;
				CLANG_WARN_ENUM_CONVERSION = YES;
				CLANG_WARN_INFINITE_RECURSION = YES;
				CLANG_WARN_INT_CONVERSION = YES;
				CLANG_WARN_OBJC_ROOT_CLASS = YES_ERROR;
				CLANG_WARN_SUSPICIOUS_MOVE = YES;
				CLANG_WARN_UNREACHABLE_CODE = YES;
				CLANG_WARN__DUPLICATE_METHOD_MATCH = YES;
				CODE_SIGN_IDENTITY = "iPhone Distribution: Sufalam Technologies Private Ltd. (4D7WM9KH8K)";
				"CODE_SIGN_IDENTITY[sdk=iphoneos*]" = "iPhone Distribution: Sufalam Technologies Private Ltd. (4D7WM9KH8K)";
				COPY_PHASE_STRIP = NO;
				DEBUG_INFORMATION_FORMAT = "dwarf-with-dsym";
				DEVELOPMENT_TEAM = 4D7WM9KH8K;
				ENABLE_NS_ASSERTIONS = NO;
				ENABLE_STRICT_OBJC_MSGSEND = YES;
				GCC_C_LANGUAGE_STANDARD = gnu99;
				GCC_NO_COMMON_BLOCKS = YES;
				GCC_WARN_64_TO_32_BIT_CONVERSION = YES;
				GCC_WARN_ABOUT_RETURN_TYPE = YES_ERROR;
				GCC_WARN_UNDECLARED_SELECTOR = YES;
				GCC_WARN_UNINITIALIZED_AUTOS = YES_AGGRESSIVE;
				GCC_WARN_UNUSED_FUNCTION = YES;
				GCC_WARN_UNUSED_VARIABLE = YES;
				IPHONEOS_DEPLOYMENT_TARGET = 10.2;
				MTL_ENABLE_DEBUG_INFO = NO;
				SDKROOT = iphoneos;
				SWIFT_OPTIMIZATION_LEVEL = "-Owholemodule";
				TARGETED_DEVICE_FAMILY = "1,2";
				VALIDATE_PRODUCT = YES;
			};
			name = Release;
		};
		0E210BD21EDBF60500D705BD /* Debug */ = {
			isa = XCBuildConfiguration;
			baseConfigurationReference = 9FE860961C4AEEBC15C87D91 /* Pods-PractisDemo.debug.xcconfig */;
			buildSettings = {
				ASSETCATALOG_COMPILER_APPICON_NAME = AppIcon;
				CLANG_ENABLE_MODULES = YES;
				CODE_SIGN_IDENTITY = "iPhone Distribution: Sufalam Technologies Private Ltd. (4D7WM9KH8K)";
				"CODE_SIGN_IDENTITY[sdk=iphoneos*]" = "iPhone Developer";
				DEVELOPMENT_TEAM = "";
				FRAMEWORK_SEARCH_PATHS = (
					"$(inherited)",
					"$(PROJECT_DIR)",
					"$(PROJECT_DIR)/build/Release-iphoneos/lottie-ios",
				);
				INFOPLIST_FILE = PractisDemo/Info.plist;
				IPHONEOS_DEPLOYMENT_TARGET = 9.0;
				LD_RUNPATH_SEARCH_PATHS = "$(inherited) @executable_path/Frameworks";
				PRODUCT_BUNDLE_IDENTIFIER = com.sufalamtech.pmits;
				PRODUCT_NAME = "$(TARGET_NAME)";
				PROVISIONING_PROFILE = "";
				PROVISIONING_PROFILE_SPECIFIER = "";
				SWIFT_OBJC_BRIDGING_HEADER = "PractisDemo/PractisDemo-Bridging-Header.h";
				SWIFT_OPTIMIZATION_LEVEL = "-Onone";
				SWIFT_VERSION = 3.0;
				TARGETED_DEVICE_FAMILY = "1,2";
			};
			name = Debug;
		};
		0E210BD31EDBF60500D705BD /* Release */ = {
			isa = XCBuildConfiguration;
			baseConfigurationReference = 56C9ED7E606C9934302BC2DC /* Pods-PractisDemo.release.xcconfig */;
			buildSettings = {
				ASSETCATALOG_COMPILER_APPICON_NAME = AppIcon;
				CLANG_ENABLE_MODULES = YES;
				CODE_SIGN_IDENTITY = "iPhone Distribution: Sufalam Technologies Private Ltd. (4D7WM9KH8K)";
				"CODE_SIGN_IDENTITY[sdk=iphoneos*]" = "iPhone Developer";
				DEVELOPMENT_TEAM = "";
				FRAMEWORK_SEARCH_PATHS = (
					"$(inherited)",
					"$(PROJECT_DIR)",
					"$(PROJECT_DIR)/build/Release-iphoneos/lottie-ios",
				);
				INFOPLIST_FILE = PractisDemo/Info.plist;
				IPHONEOS_DEPLOYMENT_TARGET = 9.0;
				LD_RUNPATH_SEARCH_PATHS = "$(inherited) @executable_path/Frameworks";
				PRODUCT_BUNDLE_IDENTIFIER = com.sufalamtech.pmits;
				PRODUCT_NAME = "$(TARGET_NAME)";
				PROVISIONING_PROFILE = "";
				PROVISIONING_PROFILE_SPECIFIER = "";
				SWIFT_OBJC_BRIDGING_HEADER = "PractisDemo/PractisDemo-Bridging-Header.h";
				SWIFT_VERSION = 3.0;
				TARGETED_DEVICE_FAMILY = "1,2";
			};
			name = Release;
		};
/* End XCBuildConfiguration section */

/* Begin XCConfigurationList section */
		0E210BBA1EDBF60500D705BD /* Build configuration list for PBXProject "PractisDemo" */ = {
			isa = XCConfigurationList;
			buildConfigurations = (
				0E210BCF1EDBF60500D705BD /* Debug */,
				0E210BD01EDBF60500D705BD /* Release */,
			);
			defaultConfigurationIsVisible = 0;
			defaultConfigurationName = Release;
		};
		0E210BD11EDBF60500D705BD /* Build configuration list for PBXNativeTarget "PractisDemo" */ = {
			isa = XCConfigurationList;
			buildConfigurations = (
				0E210BD21EDBF60500D705BD /* Debug */,
				0E210BD31EDBF60500D705BD /* Release */,
			);
			defaultConfigurationIsVisible = 0;
			defaultConfigurationName = Release;
		};
/* End XCConfigurationList section */
	};
	rootObject = 0E210BB71EDBF60500D705BD /* Project object */;
}
